filippo.io/edwards25519 v1.2.0 h1:crnVqOiS4jqYleHd9vaKZ+HKtHfllngJIiOpNpoJsjo=
filippo.io/edwards25519 v1.2.0/go.mod h1:xzAOLCNug/yB62zG1bQ8uziwrIqIuxhctzJT18Q77mc=
filippo.io/nistec v0.0.4 h1:F14ZHT5htWlMnQVPndX9ro9arf56cBhQxq4LnDI491s=
filippo.io/nistec v0.0.4/go.mod h1:PK/lw8I1gQT4hUML4QGaqljwdDaFcMyFKSXN7kjrtKI=
github.com/bytemare/ecc v0.9.0 h1:6+gqn9l63bd82nQVwIpW3LFtsnIsy8V4mvlybAYq6II=
github.com/bytemare/ecc v0.9.0/go.mod h1:3sdNyM1oi4YwcUkxlogZT/CnahwrH38T7a1wc8JsICQ=
github.com/bytemare/hash v0.6.2 h1:Sbrscb1JSAv8LTZa/zz6ILOPLno3dsaYgcm9btzz8tM=
github.com/bytemare/hash v0.6.2/go.mod h1:DBaB71J+8dVhJg9+sItoVOkV724buQ+2e0sp4uNSS4Y=
github.com/bytemare/hash2curve v0.5.4 h1:WLgEKcoZKHZ41a/TApFMxhaLYHNh9lL2DNAIZCVCLuM=
github.com/bytemare/hash2curve v0.5.4/go.mod h1:XxXWaFy2g3AsIPovVp4Q8g9GDHNfr2NStnYNC+z1WRo=
github.com/bytemare/ksf v0.5.0 h1:XIckFHFuuN5WORCU1zsfTjfgmth1HU9BGnJj7KD13I0=
github.com/bytemare/ksf v0.5.0/go.mod h1:h8GGDUjR3R5QHkQOE4/MrUYyD2MQiRCLOfN5W7zRBcw=
github.com/bytemare/opaque v0.18.0 h1:R0a5Xayu26uE/+ge2j0YZKotFgMuy5F9KkQTxiBPWX8=
github.com/bytemare/opaque v0.18.0/go.mod h1:PUEGRLZhsF5np9IcLAZ0A1R3N9ue3p/raGFj9Q2VGcY=
github.com/bytemare/secp256k1 v0.3.0 h1:Te2HjAtTRKbqRDBOIMKDFkILTqd6YZ+sIgXvrJ7BaB0=
github.com/bytemare/secp256k1 v0.3.0/go.mod h1:Z2HjKm36tC+Qz51fe1eqMsAM99oTTNlvSuPmPyVXGm0=
github.com/gtank/ristretto255 v0.2.0 h1:LeOuWr6giplWkkMizx2emfG03SRPJqKt1nfIHLVHQ/0=
github.com/gtank/ristretto255 v0.2.0/go.mod h1:OJ1ox/dWcp7sJ5grYDcZ+kkHYuj5nelW5aaL7ESVXBw=
github.com/ncruces/go-sqlite3 v0.35.1 h1:h/LaVyQwIvBBT0+2JmVe2tbYyWjUQ093/pYhpBqdxJo=
github.com/ncruces/go-sqlite3 v0.35.1/go.mod h1:fXOSIkWwN5NXgbJk+7Zls8QIW4xOflmgh11OFvcY+J0=
github.com/ncruces/go-sqlite3-wasm/v3 v3.1.35302 h1:Cew7/eNAMd1zhpXYBjofBua/63pFvbvB2h4PM/p6gKU=
github.com/ncruces/go-sqlite3-wasm/v3 v3.1.35302/go.mod h1:xe0CfafDUxfh+fSVKjHHMiAxoG9KALt5nFtbGNb/jRs=
github.com/ncruces/julianday v1.0.0 h1:fH0OKwa7NWvniGQtxdJRxAgkBMolni2BjDHaWTxqt7M=
github.com/ncruces/julianday v1.0.0/go.mod h1:Dusn2KvZrrovOMJuOt0TNXL6tB7U2E8kvza5fFc9G7g=
golang.org/x/crypto v0.53.0 h1:QZ4Muo8THX6CizN2vPPd5fBGHyogrdK9fG4wLPFUsto=
golang.org/x/crypto v0.53.0/go.mod h1:DNLU434OwVakk9PzuwV8w62mAJpRJL3vsgcfp4Qnsio=
golang.org/x/sys v0.46.0 h1:noSf2Fq6F8DBgS+LysIkx7rIExoNHJsxOAtPp4rthXw=
golang.org/x/sys v0.46.0/go.mod h1:4GL1E5IUh+htKOUEOaiffhrAeqysfVGipDYzABqnCmw=
golang.org/x/text v0.38.0 h1:sXmwo9DwP3OK9EZ7PqAdaooSGozfl/3a6/xJcbzPRhE=
golang.org/x/text v0.38.0/go.mod h1:YXZt3QhHUKYT53r2lLKFIVi6Ao1jdzrTR/KQ09qyxF4=
